
Microsoft Visual Studio Solution File, Format Version 12.00
# Visual Studio Version 17
VisualStudioVersion = 17.14.37328.6 d17.14
MinimumVisualStudioVersion = 10.0.40219.1
Project("{FAE04EC0-301F-11D3-BF4B-00C04F79EFBC}") = "TicTacToe", "TicTacToe\TicTacToe.csproj", "{7EE70971-04BB-4482-BFF1-451D987206DA}"
EndProject
Global
	GlobalSection(SolutionConfigurationPlatforms) = preSolution
		Debug|Any CPU = Debug|Any CPU
		Release|Any CPU = Release|Any CPU
	EndGlobalSection
	GlobalSection(ProjectConfigurationPlatforms) = postSolution
		{7EE70971-04BB-4482-BFF1-451D987206DA}.Debug|Any CPU.ActiveCfg = Debug|Any CPU
		{7EE70971-04BB-4482-BFF1-451D987206DA}.Debug|Any CPU.Build.0 = Debug|Any CPU
		{7EE70971-04BB-4482-BFF1-451D987206DA}.Release|Any CPU.ActiveCfg = Release|Any CPU
		{7EE70971-04BB-4482-BFF1-451D987206DA}.Release|Any CPU.Build.0 = Release|Any CPU
	EndGlobalSection
	GlobalSection(SolutionProperties) = preSolution
		HideSolutionNode = FALSE
	EndGlobalSection
	GlobalSection(ExtensibilityGlobals) = postSolution
		SolutionGuid = {BA1E2ED6-73DF-41E8-B691-14E6098D52BE}
	EndGlobalSection
EndGlobal
